
Microsoft Visual Studio Solution File, Format Version 12.00
# Visual Studio Version 17
VisualStudioVersion = 17.7.34221.43
MinimumVisualStudioVersion = 10.0.40219.1
Project("{FAE04EC0-301F-11D3-BF4B-00C04F79EFBC}") = "ActivityManagement", "ActivityManagement\ActivityManagement.csproj", "{7A4938E8-C90B-486F-85ED-C34169FC9B4F}"
EndProject
Global
	GlobalSection(SolutionConfigurationPlatforms) = preSolution
		Debug|Any CPU = Debug|Any CPU
		Release|Any CPU = Release|Any CPU
	EndGlobalSection
	GlobalSection(ProjectConfigurationPlatforms) = postSolution
		{7A4938E8-C90B-486F-85ED-C34169FC9B4F}.Debug|Any CPU.ActiveCfg = Debug|Any CPU
		{7A4938E8-C90B-486F-85ED-C34169FC9B4F}.Debug|Any CPU.Build.0 = Debug|Any CPU
		{7A4938E8-C90B-486F-85ED-C34169FC9B4F}.Release|Any CPU.ActiveCfg = Release|Any CPU
		{7A4938E8-C90B-486F-85ED-C34169FC9B4F}.Release|Any CPU.Build.0 = Release|Any CPU
	EndGlobalSection
	GlobalSection(SolutionProperties) = preSolution
		HideSolutionNode = FALSE
	EndGlobalSection
	GlobalSection(ExtensibilityGlobals) = postSolution
		SolutionGuid = {B225C425-07E4-4266-848B-9C3BFAB636A7}
	EndGlobalSection
EndGlobal
